{
  "name": "lunatic-echo",
  "version": "1.0.0",
  "lockfileVersion": 1,
  "requires": true,
  "dependencies": {
    "@ason/assembly": {
      "version": "0.0.3",
      "resolved": "https://registry.npmjs.org/@ason/assembly/-/assembly-0.0.3.tgz",
      "integrity": "sha512-VoNuLwvIveJODgbLX7uDodVRvQVfmD+hsYbg6Z8hHJhJsKXcqUXjM6XkBILza+vE+D+Zko4QIK+MWKQ2+oq8tA==",
      "dev": true,
      "requires": {
        "@ason/transform": "0.0.1"
      }
    },
    "@ason/transform": {
      "version": "0.0.1",
      "resolved": "https://registry.npmjs.org/@ason/transform/-/transform-0.0.1.tgz",
      "integrity": "sha512-IL4OzbqMKx2UAAT64b87zCZq1apjICPA7E/LEiwdmBa72PJR0M+ilaikHOtk4yRZxLuTM6UNAer2hniETRRktQ==",
      "dev": true,
      "requires": {
        "visitor-as": "^0.5.0"
      }
    },
    "@assemblyscript/loader": {
      "version": "0.18.31",
      "resolved": "https://registry.npmjs.org/@assemblyscript/loader/-/loader-0.18.31.tgz",
      "integrity": "sha512-BrPyjojTj7ReaDUiDzfbm0Ei/2OoF2ZimcvxTGSQ7IrVKld/c/7w1DcFJjaLj1eBaartP2TBEzaf7iky+UiDYA=="
    },
    "as-lunatic": {
      "version": "0.0.2",
      "resolved": "https://registry.npmjs.org/as-lunatic/-/as-lunatic-0.0.2.tgz",
      "integrity": "sha512-oJ4AvvHbbOpwPsitTkhul1YzPbjf4INBPtljVhG30UryrpakJy47fPag7E43Mgf+AgAke1q3Zel2D4+mtigIZg==",
      "dev": true
    },
    "as-telnet": {
      "version": "git+https://github.com/jtenner/as-telnet.git#751a6cbfbe648dd53f3986c5de0c747c05e3f1ea",
      "from": "git+https://github.com/jtenner/as-telnet.git",
      "dev": true,
      "requires": {
        "@assemblyscript/loader": "^0.18.30"
      }
    },
    "assemblyscript": {
      "version": "0.18.31",
      "resolved": "https://registry.npmjs.org/assemblyscript/-/assemblyscript-0.18.31.tgz",
      "integrity": "sha512-4MtKf1nnmY0eh+v4PKVnIjT8HPTRBqJqACW3kXQoDztyFBLHN1WxGSgZ9iPsLbm/6xKNYD0l6j9y03PoMv+Qog==",
      "dev": true,
      "requires": {
        "binaryen": "100.0.0-nightly.20210413",
        "long": "^4.0.0"
      }
    },
    "binaryen": {
      "version": "100.0.0-nightly.20210413",
      "resolved": "https://registry.npmjs.org/binaryen/-/binaryen-100.0.0-nightly.20210413.tgz",
      "integrity": "sha512-EeGLIxQmJS0xnYl+SH34mNBqVMoixKd9nsE7S7z+CtS9A4eoWn3Qjav+XElgunUgXIHAI5yLnYT2TUGnLX2f1w==",
      "dev": true
    },
    "lodash.clonedeep": {
      "version": "4.5.0",
      "resolved": "https://registry.npmjs.org/lodash.clonedeep/-/lodash.clonedeep-4.5.0.tgz",
      "integrity": "sha1-4j8/nE+Pvd6HJSnBBxhXoIblzO8=",
      "dev": true
    },
    "long": {
      "version": "4.0.0",
      "resolved": "https://registry.npmjs.org/long/-/long-4.0.0.tgz",
      "integrity": "sha512-XsP+KhQif4bjX1kbuSiySJFNAehNxgLb6hPRGJ9QsUr8ajHkuXGdrHmFUTUUXhDwVX2R5bY4JNZEwbUiMhV+MA==",
      "dev": true
    },
    "ts-mixer": {
      "version": "5.4.1",
      "resolved": "https://registry.npmjs.org/ts-mixer/-/ts-mixer-5.4.1.tgz",
      "integrity": "sha512-Zo9HgPCtNouDgJ+LGtrzVOjSg8+7WGQktIKLwAfaNrlOK1mWGlz1ejsAF/YqUEqAGjUTeB5fEg8gH9Aui6w9xA==",
      "dev": true
    },
    "visitor-as": {
      "version": "0.5.0",
      "resolved": "https://registry.npmjs.org/visitor-as/-/visitor-as-0.5.0.tgz",
      "integrity": "sha512-U2P13pa7BAnfj6IEbP4feS1Rci6NT4GlDcwpqkk90u7LGalc5jH9aMuWnxTC8RJJ92iZzDQ8Lea5/OnLDsgzlw==",
      "dev": true,
      "requires": {
        "lodash.clonedeep": "^4.5.0",
        "ts-mixer": "^5.1.0"
      }
    }
  }
}
